
Microsoft Visual Studio Solution File, Format Version 12.00
# Visual Studio Version 17
VisualStudioVersion = 17.4.33205.214
MinimumVisualStudioVersion = 10.0.40219.1
Project("{FAE04EC0-301F-11D3-BF4B-00C04F79EFBC}") = "OnlineBusinessManagementService", "OnlineBusinessManagementService\OnlineBusinessManagementService.csproj", "{028768E8-8414-46B7-844C-62A47BE3D112}"
EndProject
Global
	GlobalSection(SolutionConfigurationPlatforms) = preSolution
		Debug|Any CPU = Debug|Any CPU
		Release|Any CPU = Release|Any CPU
	EndGlobalSection
	GlobalSection(ProjectConfigurationPlatforms) = postSolution
		{028768E8-8414-46B7-844C-62A47BE3D112}.Debug|Any CPU.ActiveCfg = Debug|Any CPU
		{028768E8-8414-46B7-844C-62A47BE3D112}.Debug|Any CPU.Build.0 = Debug|Any CPU
		{028768E8-8414-46B7-844C-62A47BE3D112}.Release|Any CPU.ActiveCfg = Release|Any CPU
		{028768E8-8414-46B7-844C-62A47BE3D112}.Release|Any CPU.Build.0 = Release|Any CPU
	EndGlobalSection
	GlobalSection(SolutionProperties) = preSolution
		HideSolutionNode = FALSE
	EndGlobalSection
	GlobalSection(ExtensibilityGlobals) = postSolution
		SolutionGuid = {FBCBA6E3-0CE4-4061-BC28-1D95DF4B5E77}
	EndGlobalSection
EndGlobal
